{
  "lockfileVersion": 1,
  "configVersion": 1,
  "workspaces": {
    "": {
      "name": "sivan-mail-service",
      "dependencies": {
        "nodemailer": "^9.0.3",
      },
    },
  },
  "packages": {
    "nodemailer": ["nodemailer@9.0.3", "", {}, "sha512-n+YP+NKwR5zRWa60k3GiQ6Q3B4KXCoAw40dAKeCtYn020iNN74aWK2liXIC3ZEATeGql7we3tE3t8QwhY0eskw=="],
  }
}
